
Microsoft Visual Studio Solution File, Format Version 12.00
# Visual Studio Version 17
VisualStudioVersion = 17.2.32526.322
MinimumVisualStudioVersion = 10.0.40219.1
Project("{FAE04EC0-301F-11D3-BF4B-00C04F79EFBC}") = "ekz", "\main\RDP\33П\СорокинДА\Desktop\ekz\ekz\ekz.csproj", "{3B7AE2DE-1C0B-4234-9650-47593B546AE3}"
EndProject
Project("{FAE04EC0-301F-11D3-BF4B-00C04F79EFBC}") = "UnitTestProject1", "\main\RDP\33П\СорокинДА\Desktop\ekz\UnitTestProject1\UnitTestProject1.csproj", "{C0960C9B-D0E4-4A40-9691-E8C79939A560}"
EndProject
Global
	GlobalSection(SolutionConfigurationPlatforms) = preSolution
		Debug|Any CPU = Debug|Any CPU
		Release|Any CPU = Release|Any CPU
	EndGlobalSection
	GlobalSection(ProjectConfigurationPlatforms) = postSolution
		{3B7AE2DE-1C0B-4234-9650-47593B546AE3}.Debug|Any CPU.ActiveCfg = Debug|Any CPU
		{3B7AE2DE-1C0B-4234-9650-47593B546AE3}.Debug|Any CPU.Build.0 = Debug|Any CPU
		{3B7AE2DE-1C0B-4234-9650-47593B546AE3}.Release|Any CPU.ActiveCfg = Release|Any CPU
		{3B7AE2DE-1C0B-4234-9650-47593B546AE3}.Release|Any CPU.Build.0 = Release|Any CPU
		{C0960C9B-D0E4-4A40-9691-E8C79939A560}.Debug|Any CPU.ActiveCfg = Debug|Any CPU
		{C0960C9B-D0E4-4A40-9691-E8C79939A560}.Debug|Any CPU.Build.0 = Debug|Any CPU
		{C0960C9B-D0E4-4A40-9691-E8C79939A560}.Release|Any CPU.ActiveCfg = Release|Any CPU
		{C0960C9B-D0E4-4A40-9691-E8C79939A560}.Release|Any CPU.Build.0 = Release|Any CPU
	EndGlobalSection
	GlobalSection(SolutionProperties) = preSolution
		HideSolutionNode = FALSE
	EndGlobalSection
	GlobalSection(ExtensibilityGlobals) = postSolution
		SolutionGuid = {D83A2125-0DB3-42AE-90A9-82289A848D2D}
	EndGlobalSection
EndGlobal
